# This file is automatically @generated by Cargo.
# It is not intended for manual editing.
version = 4

[[package]]
name = "veritas-asset-engine"
version = "0.1.0"
dependencies = [
 "veritas-compliance-engine",
 "veritas-contract-shared",
 "veritas-identity-registry",
]

[[package]]
name = "veritas-compliance-engine"
version = "0.1.0"
dependencies = [
 "veritas-contract-shared",
 "veritas-identity-registry",
 "veritas-transfer-policy",
]

[[package]]
name = "veritas-contract-shared"
version = "0.1.0"

[[package]]
name = "veritas-identity-registry"
version = "0.1.0"
dependencies = [
 "veritas-contract-shared",
]

[[package]]
name = "veritas-transfer-policy"
version = "0.1.0"
dependencies = [
 "veritas-contract-shared",
]
